
Microsoft Visual Studio Solution File, Format Version 12.00
# Visual Studio Version 17
VisualStudioVersion = 17.14.36717.8 d17.14
MinimumVisualStudioVersion = 10.0.40219.1
Project("{FAE04EC0-301F-11D3-BF4B-00C04F79EFBC}") = "FactorySapApi", "FactorySapApi\FactorySapApi.csproj", "{C828B5C9-04E4-4A8C-972D-C6900794A40E}"
EndProject
Global
	GlobalSection(SolutionConfigurationPlatforms) = preSolution
		Debug|Any CPU = Debug|Any CPU
		Release|Any CPU = Release|Any CPU
	EndGlobalSection
	GlobalSection(ProjectConfigurationPlatforms) = postSolution
		{C828B5C9-04E4-4A8C-972D-C6900794A40E}.Debug|Any CPU.ActiveCfg = Debug|Any CPU
		{C828B5C9-04E4-4A8C-972D-C6900794A40E}.Debug|Any CPU.Build.0 = Debug|Any CPU
		{C828B5C9-04E4-4A8C-972D-C6900794A40E}.Release|Any CPU.ActiveCfg = Release|Any CPU
		{C828B5C9-04E4-4A8C-972D-C6900794A40E}.Release|Any CPU.Build.0 = Release|Any CPU
	EndGlobalSection
	GlobalSection(SolutionProperties) = preSolution
		HideSolutionNode = FALSE
	EndGlobalSection
	GlobalSection(ExtensibilityGlobals) = postSolution
		SolutionGuid = {20D18ECE-66D7-4E4B-9CA1-0F6319910B44}
	EndGlobalSection
EndGlobal
